
Microsoft Visual Studio Solution File, Format Version 12.00
# Visual Studio Version 17
VisualStudioVersion = 17.4.33213.308
MinimumVisualStudioVersion = 10.0.40219.1
Project("{9A19103F-16F7-4668-BE54-9A1E7A4F7556}") = "Exercise01", "Exercise01\Exercise01.csproj", "{0CF57F8B-2204-41F0-8DEA-588CB4EB42F1}"
EndProject
Project("{FAE04EC0-301F-11D3-BF4B-00C04F79EFBC}") = "Exercise01.Models", "Exercise01.Models\Exercise01.Models.csproj", "{9E55EAF7-43CA-4840-A642-FD7E5AA5546D}"
EndProject
Project("{FAE04EC0-301F-11D3-BF4B-00C04F79EFBC}") = "Exercise01.DbAccess", "Exercise01.DbAccess\Exercise01.DbAccess.csproj", "{8134AA51-F3DA-43FD-91CC-81746866A989}"
EndProject
Global
	GlobalSection(SolutionConfigurationPlatforms) = preSolution
		Debug|Any CPU = Debug|Any CPU
		Release|Any CPU = Release|Any CPU
	EndGlobalSection
	GlobalSection(ProjectConfigurationPlatforms) = postSolution
		{0CF57F8B-2204-41F0-8DEA-588CB4EB42F1}.Debug|Any CPU.ActiveCfg = Debug|Any CPU
		{0CF57F8B-2204-41F0-8DEA-588CB4EB42F1}.Debug|Any CPU.Build.0 = Debug|Any CPU
		{0CF57F8B-2204-41F0-8DEA-588CB4EB42F1}.Release|Any CPU.ActiveCfg = Release|Any CPU
		{0CF57F8B-2204-41F0-8DEA-588CB4EB42F1}.Release|Any CPU.Build.0 = Release|Any CPU
		{9E55EAF7-43CA-4840-A642-FD7E5AA5546D}.Debug|Any CPU.ActiveCfg = Debug|Any CPU
		{9E55EAF7-43CA-4840-A642-FD7E5AA5546D}.Debug|Any CPU.Build.0 = Debug|Any CPU
		{9E55EAF7-43CA-4840-A642-FD7E5AA5546D}.Release|Any CPU.ActiveCfg = Release|Any CPU
		{9E55EAF7-43CA-4840-A642-FD7E5AA5546D}.Release|Any CPU.Build.0 = Release|Any CPU
		{8134AA51-F3DA-43FD-91CC-81746866A989}.Debug|Any CPU.ActiveCfg = Debug|Any CPU
		{8134AA51-F3DA-43FD-91CC-81746866A989}.Debug|Any CPU.Build.0 = Debug|Any CPU
		{8134AA51-F3DA-43FD-91CC-81746866A989}.Release|Any CPU.ActiveCfg = Release|Any CPU
		{8134AA51-F3DA-43FD-91CC-81746866A989}.Release|Any CPU.Build.0 = Release|Any CPU
	EndGlobalSection
	GlobalSection(SolutionProperties) = preSolution
		HideSolutionNode = FALSE
	EndGlobalSection
	GlobalSection(ExtensibilityGlobals) = postSolution
		SolutionGuid = {DEC34614-01CC-45D2-8027-EF39328F2F22}
	EndGlobalSection
EndGlobal
